
Microsoft Visual Studio Solution File, Format Version 12.00
# Visual Studio Version 16
VisualStudioVersion = 16.0.31112.23
MinimumVisualStudioVersion = 10.0.40219.1
Project("{FAE04EC0-301F-11D3-BF4B-00C04F79EFBC}") = "WebCrud", "WebCrud.csproj", "{885A8262-6F59-4ADC-B25D-D89B444AB272}"
EndProject
Global
	GlobalSection(SolutionConfigurationPlatforms) = preSolution
		Debug|Any CPU = Debug|Any CPU
		Release|Any CPU = Release|Any CPU
	EndGlobalSection
	GlobalSection(ProjectConfigurationPlatforms) = postSolution
		{885A8262-6F59-4ADC-B25D-D89B444AB272}.Debug|Any CPU.ActiveCfg = Debug|Any CPU
		{885A8262-6F59-4ADC-B25D-D89B444AB272}.Debug|Any CPU.Build.0 = Debug|Any CPU
		{885A8262-6F59-4ADC-B25D-D89B444AB272}.Release|Any CPU.ActiveCfg = Release|Any CPU
		{885A8262-6F59-4ADC-B25D-D89B444AB272}.Release|Any CPU.Build.0 = Release|Any CPU
	EndGlobalSection
	GlobalSection(SolutionProperties) = preSolution
		HideSolutionNode = FALSE
	EndGlobalSection
	GlobalSection(ExtensibilityGlobals) = postSolution
		SolutionGuid = {67BA4CD5-0AC8-446D-A816-48F1991F6C2A}
	EndGlobalSection
EndGlobal
